
Microsoft Visual Studio Solution File, Format Version 12.00
# Visual Studio 15
VisualStudioVersion = 15.0.28010.2050
MinimumVisualStudioVersion = 10.0.40219.1
Project("{FAE04EC0-301F-11D3-BF4B-00C04F79EFBC}") = "BankTransferApp", "BankTransferApp\BankTransferApp.csproj", "{63E7B357-42F1-4E06-8180-BAA2A145C8C2}"
EndProject
Project("{FAE04EC0-301F-11D3-BF4B-00C04F79EFBC}") = "BankTransferManager", "BankTransferManager\BankTransferManager.csproj", "{BC5DE292-5393-4FF1-8519-5967023A336C}"
EndProject
Project("{FAE04EC0-301F-11D3-BF4B-00C04F79EFBC}") = "BankTransferTest", "BankTransferTest\BankTransferTest.csproj", "{5B2EBB0A-38CE-4EBE-A5D8-D55A2BD16D47}"
EndProject
Global
	GlobalSection(SolutionConfigurationPlatforms) = preSolution
		Debug|Any CPU = Debug|Any CPU
		Release|Any CPU = Release|Any CPU
	EndGlobalSection
	GlobalSection(ProjectConfigurationPlatforms) = postSolution
		{63E7B357-42F1-4E06-8180-BAA2A145C8C2}.Debug|Any CPU.ActiveCfg = Debug|Any CPU
		{63E7B357-42F1-4E06-8180-BAA2A145C8C2}.Debug|Any CPU.Build.0 = Debug|Any CPU
		{63E7B357-42F1-4E06-8180-BAA2A145C8C2}.Release|Any CPU.ActiveCfg = Release|Any CPU
		{63E7B357-42F1-4E06-8180-BAA2A145C8C2}.Release|Any CPU.Build.0 = Release|Any CPU
		{BC5DE292-5393-4FF1-8519-5967023A336C}.Debug|Any CPU.ActiveCfg = Debug|Any CPU
		{BC5DE292-5393-4FF1-8519-5967023A336C}.Debug|Any CPU.Build.0 = Debug|Any CPU
		{BC5DE292-5393-4FF1-8519-5967023A336C}.Release|Any CPU.ActiveCfg = Release|Any CPU
		{BC5DE292-5393-4FF1-8519-5967023A336C}.Release|Any CPU.Build.0 = Release|Any CPU
		{5B2EBB0A-38CE-4EBE-A5D8-D55A2BD16D47}.Debug|Any CPU.ActiveCfg = Debug|Any CPU
		{5B2EBB0A-38CE-4EBE-A5D8-D55A2BD16D47}.Debug|Any CPU.Build.0 = Debug|Any CPU
		{5B2EBB0A-38CE-4EBE-A5D8-D55A2BD16D47}.Release|Any CPU.ActiveCfg = Release|Any CPU
		{5B2EBB0A-38CE-4EBE-A5D8-D55A2BD16D47}.Release|Any CPU.Build.0 = Release|Any CPU
	EndGlobalSection
	GlobalSection(SolutionProperties) = preSolution
		HideSolutionNode = FALSE
	EndGlobalSection
	GlobalSection(ExtensibilityGlobals) = postSolution
		SolutionGuid = {539BE0B9-7F26-4AD6-BF73-7982E7563207}
	EndGlobalSection
EndGlobal
